
Microsoft Visual Studio Solution File, Format Version 12.00
# Visual Studio 15
VisualStudioVersion = 15.0.26730.10
MinimumVisualStudioVersion = 15.0.26730.03
Project("{9A19103F-16F7-4668-BE54-9A1E7A4F7556}") = "HomeQI.ADream.Infrastructure", "HomeQI.ADream.Infrastructure\HomeQI.ADream.Infrastructure.csproj", "{9924C9CF-4D00-4880-B9A1-454A34457429}"
EndProject
Project("{2150E333-8FDC-42A3-9474-1A3956D46DE8}") = "src", "src", "{21A17497-8635-4F19-84FF-741ECFC537E7}"
EndProject
Project("{9A19103F-16F7-4668-BE54-9A1E7A4F7556}") = "HomeQI.ADream.Entites", "HomeQI.ADream.Entites\HomeQI.ADream.Entites.csproj", "{BC07B798-9CDA-4FF2-B833-8DBCBB100AA7}"
EndProject
Project("{9A19103F-16F7-4668-BE54-9A1E7A4F7556}") = "HomeQI.ADream.EntityFrameworkCore", "HomeQI.ADream.EntityFrameworkCore\HomeQI.ADream.EntityFrameworkCore.csproj", "{2677C7C0-BD9E-4009-B494-3FE9CEB9480F}"
EndProject
Project("{2150E333-8FDC-42A3-9474-1A3956D46DE8}") = "test", "test", "{BEF8F849-C62F-4FCE-8A2A-2A0B8A4FE7C8}"
EndProject
Project("{9A19103F-16F7-4668-BE54-9A1E7A4F7556}") = "HomeQI.ADream.Services.Test", "HomeQI.ADream.Services.Test\HomeQI.ADream.Services.Test.csproj", "{EE313702-33A7-451B-8BDC-849EB548F1EC}"
EndProject
Project("{9A19103F-16F7-4668-BE54-9A1E7A4F7556}") = "ConsoleTest", "ConsoleTest\ConsoleTest.csproj", "{3F49A848-2A77-485B-A407-7F746BB20B96}"
EndProject
Project("{2150E333-8FDC-42A3-9474-1A3956D46DE8}") = "Identity", "Identity", "{A5CF1EB3-54F4-4CD9-91C7-3B461206A9C9}"
EndProject
Project("{9A19103F-16F7-4668-BE54-9A1E7A4F7556}") = "HomeQI.ADream.Identity.Test", "Test\HomeQI.ADream.Identity.Test\HomeQI.ADream.Identity.Test.csproj", "{E87638B9-D711-496F-93E6-24B77BBCF2CF}"
EndProject
Project("{9A19103F-16F7-4668-BE54-9A1E7A4F7556}") = "WebApplication1", "WebApplication1\WebApplication1.csproj", "{D2631011-A9FF-43CC-92F3-EE473667A7EC}"
EndProject
Project("{FAE04EC0-301F-11D3-BF4B-00C04F79EFBC}") = "HomeQi.Adream.Identity", "HomeQi.Adream.Identity\HomeQi.Adream.Identity.csproj", "{026BB12A-7980-41DD-B28A-89ABC0BC7155}"
EndProject
Project("{FAE04EC0-301F-11D3-BF4B-00C04F79EFBC}") = "HomeQi.Adream.Identity.Core", "HomeQi.Adream.Identity.Core\HomeQi.Adream.Identity.Core.csproj", "{F33DB99C-20BD-4B71-92FA-22D94CF03BB9}"
EndProject
Project("{FAE04EC0-301F-11D3-BF4B-00C04F79EFBC}") = "HomeQI.ADream.Identity.Stores", "HomeQI.ADream.Identity.Stores\HomeQI.ADream.Identity.Stores.csproj", "{189712A4-25F3-4593-864B-F862439D5B14}"
EndProject
Project("{FAE04EC0-301F-11D3-BF4B-00C04F79EFBC}") = "HomeQI.ADream.Identity.EntityFrameworkCore", "HomeQI.ADream.Identity.EntityFrameworkCore\HomeQI.ADream.Identity.EntityFrameworkCore.csproj", "{AC6BEBEB-FC59-4FAE-BB6D-47425C585452}"
EndProject
Project("{9A19103F-16F7-4668-BE54-9A1E7A4F7556}") = "HomeQI.ADream.Identity.Web", "HomeQI.ADream.Identity.Web\HomeQI.ADream.Identity.Web.csproj", "{D364E0F3-768F-4215-BEE0-773841D9D288}"
EndProject
Project("{FAE04EC0-301F-11D3-BF4B-00C04F79EFBC}") = "HomeQi.ADream.APIGateway", "HomeQi.ADream.APIGateway\HomeQi.ADream.APIGateway.csproj", "{D5422C45-1A75-4A8D-A025-4A7F8C94850D}"
EndProject
Project("{FAE04EC0-301F-11D3-BF4B-00C04F79EFBC}") = "HomeQI.ADream.IdentityService", "HomeQI.ADream.IdentityService\HomeQI.ADream.IdentityService.csproj", "{EAD8D7C1-1EF7-4B8F-8906-2155E043EDD6}"
EndProject
Global
	GlobalSection(SolutionConfigurationPlatforms) = preSolution
		Debug|Any CPU = Debug|Any CPU
		Release|Any CPU = Release|Any CPU
	EndGlobalSection
	GlobalSection(ProjectConfigurationPlatforms) = postSolution
		{9924C9CF-4D00-4880-B9A1-454A34457429}.Debug|Any CPU.ActiveCfg = Debug|Any CPU
		{9924C9CF-4D00-4880-B9A1-454A34457429}.Debug|Any CPU.Build.0 = Debug|Any CPU
		{9924C9CF-4D00-4880-B9A1-454A34457429}.Release|Any CPU.ActiveCfg = Release|Any CPU
		{9924C9CF-4D00-4880-B9A1-454A34457429}.Release|Any CPU.Build.0 = Release|Any CPU
		{BC07B798-9CDA-4FF2-B833-8DBCBB100AA7}.Debug|Any CPU.ActiveCfg = Debug|Any CPU
		{BC07B798-9CDA-4FF2-B833-8DBCBB100AA7}.Debug|Any CPU.Build.0 = Debug|Any CPU
		{BC07B798-9CDA-4FF2-B833-8DBCBB100AA7}.Release|Any CPU.ActiveCfg = Release|Any CPU
		{BC07B798-9CDA-4FF2-B833-8DBCBB100AA7}.Release|Any CPU.Build.0 = Release|Any CPU
		{2677C7C0-BD9E-4009-B494-3FE9CEB9480F}.Debug|Any CPU.ActiveCfg = Debug|Any CPU
		{2677C7C0-BD9E-4009-B494-3FE9CEB9480F}.Debug|Any CPU.Build.0 = Debug|Any CPU
		{2677C7C0-BD9E-4009-B494-3FE9CEB9480F}.Release|Any CPU.ActiveCfg = Release|Any CPU
		{2677C7C0-BD9E-4009-B494-3FE9CEB9480F}.Release|Any CPU.Build.0 = Release|Any CPU
		{EE313702-33A7-451B-8BDC-849EB548F1EC}.Debug|Any CPU.ActiveCfg = Debug|Any CPU
		{EE313702-33A7-451B-8BDC-849EB548F1EC}.Debug|Any CPU.Build.0 = Debug|Any CPU
		{EE313702-33A7-451B-8BDC-849EB548F1EC}.Release|Any CPU.ActiveCfg = Release|Any CPU
		{EE313702-33A7-451B-8BDC-849EB548F1EC}.Release|Any CPU.Build.0 = Release|Any CPU
		{3F49A848-2A77-485B-A407-7F746BB20B96}.Debug|Any CPU.ActiveCfg = Debug|Any CPU
		{3F49A848-2A77-485B-A407-7F746BB20B96}.Debug|Any CPU.Build.0 = Debug|Any CPU
		{3F49A848-2A77-485B-A407-7F746BB20B96}.Release|Any CPU.ActiveCfg = Release|Any CPU
		{3F49A848-2A77-485B-A407-7F746BB20B96}.Release|Any CPU.Build.0 = Release|Any CPU
		{E87638B9-D711-496F-93E6-24B77BBCF2CF}.Debug|Any CPU.ActiveCfg = Debug|Any CPU
		{E87638B9-D711-496F-93E6-24B77BBCF2CF}.Debug|Any CPU.Build.0 = Debug|Any CPU
		{E87638B9-D711-496F-93E6-24B77BBCF2CF}.Release|Any CPU.ActiveCfg = Release|Any CPU
		{E87638B9-D711-496F-93E6-24B77BBCF2CF}.Release|Any CPU.Build.0 = Release|Any CPU
		{D2631011-A9FF-43CC-92F3-EE473667A7EC}.Debug|Any CPU.ActiveCfg = Debug|Any CPU
		{D2631011-A9FF-43CC-92F3-EE473667A7EC}.Debug|Any CPU.Build.0 = Debug|Any CPU
		{D2631011-A9FF-43CC-92F3-EE473667A7EC}.Release|Any CPU.ActiveCfg = Release|Any CPU
		{D2631011-A9FF-43CC-92F3-EE473667A7EC}.Release|Any CPU.Build.0 = Release|Any CPU
		{026BB12A-7980-41DD-B28A-89ABC0BC7155}.Debug|Any CPU.ActiveCfg = Debug|Any CPU
		{026BB12A-7980-41DD-B28A-89ABC0BC7155}.Debug|Any CPU.Build.0 = Debug|Any CPU
		{026BB12A-7980-41DD-B28A-89ABC0BC7155}.Release|Any CPU.ActiveCfg = Release|Any CPU
		{026BB12A-7980-41DD-B28A-89ABC0BC7155}.Release|Any CPU.Build.0 = Release|Any CPU
		{F33DB99C-20BD-4B71-92FA-22D94CF03BB9}.Debug|Any CPU.ActiveCfg = Debug|Any CPU
		{F33DB99C-20BD-4B71-92FA-22D94CF03BB9}.Debug|Any CPU.Build.0 = Debug|Any CPU
		{F33DB99C-20BD-4B71-92FA-22D94CF03BB9}.Release|Any CPU.ActiveCfg = Release|Any CPU
		{F33DB99C-20BD-4B71-92FA-22D94CF03BB9}.Release|Any CPU.Build.0 = Release|Any CPU
		{189712A4-25F3-4593-864B-F862439D5B14}.Debug|Any CPU.ActiveCfg = Debug|Any CPU
		{189712A4-25F3-4593-864B-F862439D5B14}.Debug|Any CPU.Build.0 = Debug|Any CPU
		{189712A4-25F3-4593-864B-F862439D5B14}.Release|Any CPU.ActiveCfg = Release|Any CPU
		{189712A4-25F3-4593-864B-F862439D5B14}.Release|Any CPU.Build.0 = Release|Any CPU
		{AC6BEBEB-FC59-4FAE-BB6D-47425C585452}.Debug|Any CPU.ActiveCfg = Debug|Any CPU
		{AC6BEBEB-FC59-4FAE-BB6D-47425C585452}.Debug|Any CPU.Build.0 = Debug|Any CPU
		{AC6BEBEB-FC59-4FAE-BB6D-47425C585452}.Release|Any CPU.ActiveCfg = Release|Any CPU
		{AC6BEBEB-FC59-4FAE-BB6D-47425C585452}.Release|Any CPU.Build.0 = Release|Any CPU
		{D364E0F3-768F-4215-BEE0-773841D9D288}.Debug|Any CPU.ActiveCfg = Debug|Any CPU
		{D364E0F3-768F-4215-BEE0-773841D9D288}.Debug|Any CPU.Build.0 = Debug|Any CPU
		{D364E0F3-768F-4215-BEE0-773841D9D288}.Release|Any CPU.ActiveCfg = Release|Any CPU
		{D364E0F3-768F-4215-BEE0-773841D9D288}.Release|Any CPU.Build.0 = Release|Any CPU
		{D5422C45-1A75-4A8D-A025-4A7F8C94850D}.Debug|Any CPU.ActiveCfg = Debug|Any CPU
		{D5422C45-1A75-4A8D-A025-4A7F8C94850D}.Debug|Any CPU.Build.0 = Debug|Any CPU
		{D5422C45-1A75-4A8D-A025-4A7F8C94850D}.Release|Any CPU.ActiveCfg = Release|Any CPU
		{D5422C45-1A75-4A8D-A025-4A7F8C94850D}.Release|Any CPU.Build.0 = Release|Any CPU
		{EAD8D7C1-1EF7-4B8F-8906-2155E043EDD6}.Debug|Any CPU.ActiveCfg = Debug|Any CPU
		{EAD8D7C1-1EF7-4B8F-8906-2155E043EDD6}.Debug|Any CPU.Build.0 = Debug|Any CPU
		{EAD8D7C1-1EF7-4B8F-8906-2155E043EDD6}.Release|Any CPU.ActiveCfg = Release|Any CPU
		{EAD8D7C1-1EF7-4B8F-8906-2155E043EDD6}.Release|Any CPU.Build.0 = Release|Any CPU
	EndGlobalSection
	GlobalSection(SolutionProperties) = preSolution
		HideSolutionNode = FALSE
	EndGlobalSection
	GlobalSection(NestedProjects) = preSolution
		{9924C9CF-4D00-4880-B9A1-454A34457429} = {21A17497-8635-4F19-84FF-741ECFC537E7}
		{BC07B798-9CDA-4FF2-B833-8DBCBB100AA7} = {21A17497-8635-4F19-84FF-741ECFC537E7}
		{2677C7C0-BD9E-4009-B494-3FE9CEB9480F} = {21A17497-8635-4F19-84FF-741ECFC537E7}
		{EE313702-33A7-451B-8BDC-849EB548F1EC} = {BEF8F849-C62F-4FCE-8A2A-2A0B8A4FE7C8}
		{3F49A848-2A77-485B-A407-7F746BB20B96} = {BEF8F849-C62F-4FCE-8A2A-2A0B8A4FE7C8}
		{E87638B9-D711-496F-93E6-24B77BBCF2CF} = {BEF8F849-C62F-4FCE-8A2A-2A0B8A4FE7C8}
		{D2631011-A9FF-43CC-92F3-EE473667A7EC} = {BEF8F849-C62F-4FCE-8A2A-2A0B8A4FE7C8}
		{026BB12A-7980-41DD-B28A-89ABC0BC7155} = {A5CF1EB3-54F4-4CD9-91C7-3B461206A9C9}
		{F33DB99C-20BD-4B71-92FA-22D94CF03BB9} = {A5CF1EB3-54F4-4CD9-91C7-3B461206A9C9}
		{189712A4-25F3-4593-864B-F862439D5B14} = {A5CF1EB3-54F4-4CD9-91C7-3B461206A9C9}
		{AC6BEBEB-FC59-4FAE-BB6D-47425C585452} = {A5CF1EB3-54F4-4CD9-91C7-3B461206A9C9}
		{D364E0F3-768F-4215-BEE0-773841D9D288} = {A5CF1EB3-54F4-4CD9-91C7-3B461206A9C9}
		{D5422C45-1A75-4A8D-A025-4A7F8C94850D} = {21A17497-8635-4F19-84FF-741ECFC537E7}
		{EAD8D7C1-1EF7-4B8F-8906-2155E043EDD6} = {A5CF1EB3-54F4-4CD9-91C7-3B461206A9C9}
	EndGlobalSection
	GlobalSection(ExtensibilityGlobals) = postSolution
		SolutionGuid = {21D598B0-2383-4B22-826D-E7FB4921BD66}
	EndGlobalSection
EndGlobal
